
Microsoft Visual Studio Solution File, Format Version 12.00
# Visual Studio Version 16
VisualStudioVersion = 16.0.31005.135
MinimumVisualStudioVersion = 10.0.40219.1
Project("{FAE04EC0-301F-11D3-BF4B-00C04F79EFBC}") = "IOT 1030 LAB 8", "IOT 1030 LAB 8.csproj", "{9BEEF035-DC8D-4915-969C-C63E828D8F51}"
EndProject
Global
	GlobalSection(SolutionConfigurationPlatforms) = preSolution
		Debug|Any CPU = Debug|Any CPU
		Release|Any CPU = Release|Any CPU
	EndGlobalSection
	GlobalSection(ProjectConfigurationPlatforms) = postSolution
		{9BEEF035-DC8D-4915-969C-C63E828D8F51}.Debug|Any CPU.ActiveCfg = Debug|Any CPU
		{9BEEF035-DC8D-4915-969C-C63E828D8F51}.Debug|Any CPU.Build.0 = Debug|Any CPU
		{9BEEF035-DC8D-4915-969C-C63E828D8F51}.Release|Any CPU.ActiveCfg = Release|Any CPU
		{9BEEF035-DC8D-4915-969C-C63E828D8F51}.Release|Any CPU.Build.0 = Release|Any CPU
	EndGlobalSection
	GlobalSection(SolutionProperties) = preSolution
		HideSolutionNode = FALSE
	EndGlobalSection
	GlobalSection(ExtensibilityGlobals) = postSolution
		SolutionGuid = {EDEC2FF5-635C-4F4B-B3E2-DF80C7C2FEB9}
	EndGlobalSection
EndGlobal
